{
  "name": "05-proyecto",
  "version": "1.0.0",
  "lockfileVersion": 1,
  "requires": true,
  "dependencies": {
    "diego-armandofund": {
      "version": "1.1.0",
      "resolved": "https://registry.npmjs.org/diego-armandofund/-/diego-armandofund-1.1.0.tgz",
      "integrity": "sha512-x7gnmrUKGkN+jZ1Y/Fivpy4odvc/jYqGE4ryJ3ObBofkNtf9G/NUhK9t4G4rud+V3KcDGjW9NMCDxqeHU1fvrg=="
    }
  }
}
