{
  "name": "05-proyecto",
  "version": "1.0.0",
  "lockfileVersion": 1,
  "requires": true,
  "dependencies": {
    "diego-armandofund": {
      "version": "1.0.0",
      "resolved": "https://registry.npmjs.org/diego-armandofund/-/diego-armandofund-1.0.0.tgz",
      "integrity": "sha512-S9MydhQH4Dsx4yVLzV/99kXZxLyA8emuW8ylkz6WV/f1hR6fyk1X4bUt3ZoocXeLoEJKHlnXtvMUTVjlQEbCAg=="
    }
  }
}
